
Microsoft Visual Studio Solution File, Format Version 12.00
# Visual Studio 15
VisualStudioVersion = 15.0.28010.2003
MinimumVisualStudioVersion = 10.0.40219.1
Project("{FAE04EC0-301F-11D3-BF4B-00C04F79EFBC}") = "WPFUI", "WPFUI\WPFUI.csproj", "{D5E4F52C-F063-4BF2-B102-3E988850EF7E}"
EndProject
Project("{FAE04EC0-301F-11D3-BF4B-00C04F79EFBC}") = "Engine", "Engine\Engine.csproj", "{4AD56984-4D31-4E1C-AD0F-262B11710D65}"
EndProject
Global
	GlobalSection(SolutionConfigurationPlatforms) = preSolution
		Debug|Any CPU = Debug|Any CPU
		Release|Any CPU = Release|Any CPU
	EndGlobalSection
	GlobalSection(ProjectConfigurationPlatforms) = postSolution
		{D5E4F52C-F063-4BF2-B102-3E988850EF7E}.Debug|Any CPU.ActiveCfg = Debug|Any CPU
		{D5E4F52C-F063-4BF2-B102-3E988850EF7E}.Debug|Any CPU.Build.0 = Debug|Any CPU
		{D5E4F52C-F063-4BF2-B102-3E988850EF7E}.Release|Any CPU.ActiveCfg = Release|Any CPU
		{D5E4F52C-F063-4BF2-B102-3E988850EF7E}.Release|Any CPU.Build.0 = Release|Any CPU
		{4AD56984-4D31-4E1C-AD0F-262B11710D65}.Debug|Any CPU.ActiveCfg = Debug|Any CPU
		{4AD56984-4D31-4E1C-AD0F-262B11710D65}.Debug|Any CPU.Build.0 = Debug|Any CPU
		{4AD56984-4D31-4E1C-AD0F-262B11710D65}.Release|Any CPU.ActiveCfg = Release|Any CPU
		{4AD56984-4D31-4E1C-AD0F-262B11710D65}.Release|Any CPU.Build.0 = Release|Any CPU
	EndGlobalSection
	GlobalSection(SolutionProperties) = preSolution
		HideSolutionNode = FALSE
	EndGlobalSection
	GlobalSection(ExtensibilityGlobals) = postSolution
		SolutionGuid = {484CCD19-79E2-4C4E-9EFB-257C01584DF0}
	EndGlobalSection
EndGlobal
